// !$*UTF8*$!
{
	archiveVersion = 1;
	classes = {
	};
	objectVersion = 55;
	objects = {

/* Begin PBXBuildFile section */
		84EC8C742AD7DB8F002DB954 /* airbnbApp.swift in Sources */ = {isa = PBXBuildFile; fileRef = 84EC8C732AD7DB8F002DB954 /* airbnbApp.swift */; };
		84EC8C762AD7DB8F002DB954 /* ContentView.swift in Sources */ = {isa = PBXBuildFile; fileRef = 84EC8C752AD7DB8F002DB954 /* ContentView.swift */; };
		84EC8C782AD7DB92002DB954 /* Assets.xcassets in Resources */ = {isa = PBXBuildFile; fileRef = 84EC8C772AD7DB92002DB954 /* Assets.xcassets */; };
		84EC8C7B2AD7DB92002DB954 /* Preview Assets.xcassets in Resources */ = {isa = PBXBuildFile; fileRef = 84EC8C7A2AD7DB92002DB954 /* Preview Assets.xcassets */; };
		84EC8C862AD7DBF2002DB954 /* APIService.swift in Sources */ = {isa = PBXBuildFile; fileRef = 84EC8C852AD7DBF2002DB954 /* APIService.swift */; };
		84EC8C882AD7DF55002DB954 /* AirbnbListingsView.swift in Sources */ = {isa = PBXBuildFile; fileRef = 84EC8C872AD7DF55002DB954 /* AirbnbListingsView.swift */; };
		84EC8C8A2AD7DFD2002DB954 /* AirbnbListingCardView.swift in Sources */ = {isa = PBXBuildFile; fileRef = 84EC8C892AD7DFD2002DB954 /* AirbnbListingCardView.swift */; };
		84EC8C8C2AD7E01B002DB954 /* AirbnbDetailView.swift in Sources */ = {isa = PBXBuildFile; fileRef = 84EC8C8B2AD7E01B002DB954 /* AirbnbDetailView.swift */; };
		84EC8C8E2AD7E14C002DB954 /* AirbnbListingsResponse.swift in Sources */ = {isa = PBXBuildFile; fileRef = 84EC8C8D2AD7E14C002DB954 /* AirbnbListingsResponse.swift */; };
		84EC8C912AD7E162002DB954 /* AirbnbListing.swift in Sources */ = {isa = PBXBuildFile; fileRef = 84EC8C902AD7E162002DB954 /* AirbnbListing.swift */; };
		84EC8C932AD7EA1F002DB954 /* AirbnbListingsViewViewModel.swift in Sources */ = {isa = PBXBuildFile; fileRef = 84EC8C922AD7EA1F002DB954 /* AirbnbListingsViewViewModel.swift */; };
/* End PBXBuildFile section */

/* Begin PBXFileReference section */
		84EC8C702AD7DB8F002DB954 /* airbnb.app */ = {isa = PBXFileReference; explicitFileType = wrapper.application; includeInIndex = 0; path = airbnb.app; sourceTree = BUILT_PRODUCTS_DIR; };
		84EC8C732AD7DB8F002DB954 /* airbnbApp.swift */ = {isa = PBXFileReference; lastKnownFileType = sourcecode.swift; path = airbnbApp.swift; sourceTree = "<group>"; };
		84EC8C752AD7DB8F002DB954 /* ContentView.swift */ = {isa = PBXFileReference; lastKnownFileType = sourcecode.swift; path = ContentView.swift; sourceTree = "<group>"; };
		84EC8C772AD7DB92002DB954 /* Assets.xcassets */ = {isa = PBXFileReference; lastKnownFileType = folder.assetcatalog; path = Assets.xcassets; sourceTree = "<group>"; };
		84EC8C7A2AD7DB92002DB954 /* Preview Assets.xcassets */ = {isa = PBXFileReference; lastKnownFileType = folder.assetcatalog; path = "Preview Assets.xcassets"; sourceTree = "<group>"; };
		84EC8C852AD7DBF2002DB954 /* APIService.swift */ = {isa = PBXFileReference; lastKnownFileType = sourcecode.swift; path = APIService.swift; sourceTree = "<group>"; };
		84EC8C872AD7DF55002DB954 /* AirbnbListingsView.swift */ = {isa = PBXFileReference; lastKnownFileType = sourcecode.swift; path = AirbnbListingsView.swift; sourceTree = "<group>"; };
		84EC8C892AD7DFD2002DB954 /* AirbnbListingCardView.swift */ = {isa = PBXFileReference; lastKnownFileType = sourcecode.swift; path = AirbnbListingCardView.swift; sourceTree = "<group>"; };
		84EC8C8B2AD7E01B002DB954 /* AirbnbDetailView.swift */ = {isa = PBXFileReference; lastKnownFileType = sourcecode.swift; path = AirbnbDetailView.swift; sourceTree = "<group>"; };
		84EC8C8D2AD7E14C002DB954 /* AirbnbListingsResponse.swift */ = {isa = PBXFileReference; lastKnownFileType = sourcecode.swift; path = AirbnbListingsResponse.swift; sourceTree = "<group>"; };
		84EC8C902AD7E162002DB954 /* AirbnbListing.swift */ = {isa = PBXFileReference; lastKnownFileType = sourcecode.swift; path = AirbnbListing.swift; sourceTree = "<group>"; };
		84EC8C922AD7EA1F002DB954 /* AirbnbListingsViewViewModel.swift */ = {isa = PBXFileReference; lastKnownFileType = sourcecode.swift; path = AirbnbListingsViewViewModel.swift; sourceTree = "<group>"; };
/* End PBXFileReference section */

/* Begin PBXFrameworksBuildPhase section */
		84EC8C6D2AD7DB8F002DB954 /* Frameworks */ = {
			isa = PBXFrameworksBuildPhase;
			buildActionMask = 2147483647;
			files = (
			);
			runOnlyForDeploymentPostprocessing = 0;
		};
/* End PBXFrameworksBuildPhase section */

/* Begin PBXGroup section */
		84EC8C672AD7DB8F002DB954 = {
			isa = PBXGroup;
			children = (
				84EC8C722AD7DB8F002DB954 /* airbnb */,
				84EC8C712AD7DB8F002DB954 /* Products */,
			);
			sourceTree = "<group>";
		};
		84EC8C712AD7DB8F002DB954 /* Products */ = {
			isa = PBXGroup;
			children = (
				84EC8C702AD7DB8F002DB954 /* airbnb.app */,
			);
			name = Products;
			sourceTree = "<group>";
		};
		84EC8C722AD7DB8F002DB954 /* airbnb */ = {
			isa = PBXGroup;
			children = (
				84EC8C842AD7DBDF002DB954 /* Service */,
				84EC8C832AD7DBD8002DB954 /* ViewModels */,
				84EC8C822AD7DBD3002DB954 /* Models */,
				84EC8C812AD7DBCE002DB954 /* View */,
				84EC8C732AD7DB8F002DB954 /* airbnbApp.swift */,
				84EC8C772AD7DB92002DB954 /* Assets.xcassets */,
				84EC8C792AD7DB92002DB954 /* Preview Content */,
			);
			path = airbnb;
			sourceTree = "<group>";
		};
		84EC8C792AD7DB92002DB954 /* Preview Content */ = {
			isa = PBXGroup;
			children = (
				84EC8C7A2AD7DB92002DB954 /* Preview Assets.xcassets */,
			);
			path = "Preview Content";
			sourceTree = "<group>";
		};
		84EC8C812AD7DBCE002DB954 /* View */ = {
			isa = PBXGroup;
			children = (
				84EC8C752AD7DB8F002DB954 /* ContentView.swift */,
				84EC8C872AD7DF55002DB954 /* AirbnbListingsView.swift */,
				84EC8C892AD7DFD2002DB954 /* AirbnbListingCardView.swift */,
				84EC8C8B2AD7E01B002DB954 /* AirbnbDetailView.swift */,
			);
			path = View;
			sourceTree = "<group>";
		};
		84EC8C822AD7DBD3002DB954 /* Models */ = {
			isa = PBXGroup;
			children = (
				84EC8C8D2AD7E14C002DB954 /* AirbnbListingsResponse.swift */,
				84EC8C902AD7E162002DB954 /* AirbnbListing.swift */,
			);
			path = Models;
			sourceTree = "<group>";
		};
		84EC8C832AD7DBD8002DB954 /* ViewModels */ = {
			isa = PBXGroup;
			children = (
				84EC8C922AD7EA1F002DB954 /* AirbnbListingsViewViewModel.swift */,
			);
			path = ViewModels;
			sourceTree = "<group>";
		};
		84EC8C842AD7DBDF002DB954 /* Service */ = {
			isa = PBXGroup;
			children = (
				84EC8C852AD7DBF2002DB954 /* APIService.swift */,
			);
			path = Service;
			sourceTree = "<group>";
		};
/* End PBXGroup section */

/* Begin PBXNativeTarget section */
		84EC8C6F2AD7DB8F002DB954 /* airbnb */ = {
			isa = PBXNativeTarget;
			buildConfigurationList = 84EC8C7E2AD7DB92002DB954 /* Build configuration list for PBXNativeTarget "airbnb" */;
			buildPhases = (
				84EC8C6C2AD7DB8F002DB954 /* Sources */,
				84EC8C6D2AD7DB8F002DB954 /* Frameworks */,
				84EC8C6E2AD7DB8F002DB954 /* Resources */,
			);
			buildRules = (
			);
			dependencies = (
			);
			name = airbnb;
			productName = airbnb;
			productReference = 84EC8C702AD7DB8F002DB954 /* airbnb.app */;
			productType = "com.apple.product-type.application";
		};
/* End PBXNativeTarget section */

/* Begin PBXProject section */
		84EC8C682AD7DB8F002DB954 /* Project object */ = {
			isa = PBXProject;
			attributes = {
				BuildIndependentTargetsInParallel = 1;
				LastSwiftUpdateCheck = 1340;
				LastUpgradeCheck = 1340;
				TargetAttributes = {
					84EC8C6F2AD7DB8F002DB954 = {
						CreatedOnToolsVersion = 13.4.1;
					};
				};
			};
			buildConfigurationList = 84EC8C6B2AD7DB8F002DB954 /* Build configuration list for PBXProject "airbnb" */;
			compatibilityVersion = "Xcode 13.0";
			developmentRegion = en;
			hasScannedForEncodings = 0;
			knownRegions = (
				en,
				Base,
			);
			mainGroup = 84EC8C672AD7DB8F002DB954;
			productRefGroup = 84EC8C712AD7DB8F002DB954 /* Products */;
			projectDirPath = "";
			projectRoot = "";
			targets = (
				84EC8C6F2AD7DB8F002DB954 /* airbnb */,
			);
		};
/* End PBXProject section */

/* Begin PBXResourcesBuildPhase section */
		84EC8C6E2AD7DB8F002DB954 /* Resources */ = {
			isa = PBXResourcesBuildPhase;
			buildActionMask = 2147483647;
			files = (
				84EC8C7B2AD7DB92002DB954 /* Preview Assets.xcassets in Resources */,
				84EC8C782AD7DB92002DB954 /* Assets.xcassets in Resources */,
			);
			runOnlyForDeploymentPostprocessing = 0;
		};
/* End PBXResourcesBuildPhase section */

/* Begin PBXSourcesBuildPhase section */
		84EC8C6C2AD7DB8F002DB954 /* Sources */ = {
			isa = PBXSourcesBuildPhase;
			buildActionMask = 2147483647;
			files = (
				84EC8C932AD7EA1F002DB954 /* AirbnbListingsViewViewModel.swift in Sources */,
				84EC8C8E2AD7E14C002DB954 /* AirbnbListingsResponse.swift in Sources */,
				84EC8C762AD7DB8F002DB954 /* ContentView.swift in Sources */,
				84EC8C8C2AD7E01B002DB954 /* AirbnbDetailView.swift in Sources */,
				84EC8C912AD7E162002DB954 /* AirbnbListing.swift in Sources */,
				84EC8C882AD7DF55002DB954 /* AirbnbListingsView.swift in Sources */,
				84EC8C8A2AD7DFD2002DB954 /* AirbnbListingCardView.swift in Sources */,
				84EC8C862AD7DBF2002DB954 /* APIService.swift in Sources */,
				84EC8C742AD7DB8F002DB954 /* airbnbApp.swift in Sources */,
			);
			runOnlyForDeploymentPostprocessing = 0;
		};
/* End PBXSourcesBuildPhase section */

/* Begin XCBuildConfiguration section */
		84EC8C7C2AD7DB92002DB954 /* Debug */ = {
			isa = XCBuildConfiguration;
			buildSettings = {
				ALWAYS_SEARCH_USER_PATHS = NO;
				CLANG_ANALYZER_NONNULL = YES;
				CLANG_ANALYZER_NUMBER_OBJECT_CONVERSION = YES_AGGRESSIVE;
				CLANG_CXX_LANGUAGE_STANDARD = "gnu++17";
				CLANG_ENABLE_MODULES = YES;
				CLANG_ENABLE_OBJC_ARC = YES;
				CLANG_ENABLE_OBJC_WEAK = YES;
				CLANG_WARN_BLOCK_CAPTURE_AUTORELEASING = YES;
				CLANG_WARN_BOOL_CONVERSION = YES;
				CLANG_WARN_COMMA = YES;
				CLANG_WARN_CONSTANT_CONVERSION = YES;
				CLANG_WARN_DEPRECATED_OBJC_IMPLEMENTATIONS = YES;
				CLANG_WARN_DIRECT_OBJC_ISA_USAGE = YES_ERROR;
				CLANG_WARN_DOCUMENTATION_COMMENTS = YES;
				CLANG_WARN_EMPTY_BODY = YES;
				CLANG_WARN_ENUM_CONVERSION = YES;
				CLANG_WARN_INFINITE_RECURSION = YES;
				CLANG_WARN_INT_CONVERSION = YES;
				CLANG_WARN_NON_LITERAL_NULL_CONVERSION = YES;
				CLANG_WARN_OBJC_IMPLICIT_RETAIN_SELF = YES;
				CLANG_WARN_OBJC_LITERAL_CONVERSION = YES;
				CLANG_WARN_OBJC_ROOT_CLASS = YES_ERROR;
				CLANG_WARN_QUOTED_INCLUDE_IN_FRAMEWORK_HEADER = YES;
				CLANG_WARN_RANGE_LOOP_ANALYSIS = YES;
				CLANG_WARN_STRICT_PROTOTYPES = YES;
				CLANG_WARN_SUSPICIOUS_MOVE = YES;
				CLANG_WARN_UNGUARDED_AVAILABILITY = YES_AGGRESSIVE;
				CLANG_WARN_UNREACHABLE_CODE = YES;
				CLANG_WARN__DUPLICATE_METHOD_MATCH = YES;
				COPY_PHASE_STRIP = NO;
				DEBUG_INFORMATION_FORMAT = dwarf;
				ENABLE_STRICT_OBJC_MSGSEND = YES;
				ENABLE_TESTABILITY = YES;
				GCC_C_LANGUAGE_STANDARD = gnu11;
				GCC_DYNAMIC_NO_PIC = NO;
				GCC_NO_COMMON_BLOCKS = YES;
				GCC_OPTIMIZATION_LEVEL = 0;
				GCC_PREPROCESSOR_DEFINITIONS = (
					"DEBUG=1",
					"$(inherited)",
				);
				GCC_WARN_64_TO_32_BIT_CONVERSION = YES;
				GCC_WARN_ABOUT_RETURN_TYPE = YES_ERROR;
				GCC_WARN_UNDECLARED_SELECTOR = YES;
				GCC_WARN_UNINITIALIZED_AUTOS = YES_AGGRESSIVE;
				GCC_WARN_UNUSED_FUNCTION = YES;
				GCC_WARN_UNUSED_VARIABLE = YES;
				IPHONEOS_DEPLOYMENT_TARGET = 15.5;
				MTL_ENABLE_DEBUG_INFO = INCLUDE_SOURCE;
				MTL_FAST_MATH = YES;
				ONLY_ACTIVE_ARCH = YES;
				SDKROOT = iphoneos;
				SWIFT_ACTIVE_COMPILATION_CONDITIONS = DEBUG;
				SWIFT_OPTIMIZATION_LEVEL = "-Onone";
			};
			name = Debug;
		};
		84EC8C7D2AD7DB92002DB954 /* Release */ = {
			isa = XCBuildConfiguration;
			buildSettings = {
				ALWAYS_SEARCH_USER_PATHS = NO;
				CLANG_ANALYZER_NONNULL = YES;
				CLANG_ANALYZER_NUMBER_OBJECT_CONVERSION = YES_AGGRESSIVE;
				CLANG_CXX_LANGUAGE_STANDARD = "gnu++17";
				CLANG_ENABLE_MODULES = YES;
				CLANG_ENABLE_OBJC_ARC = YES;
				CLANG_ENABLE_OBJC_WEAK = YES;
				CLANG_WARN_BLOCK_CAPTURE_AUTORELEASING = YES;
				CLANG_WARN_BOOL_CONVERSION = YES;
				CLANG_WARN_COMMA = YES;
				CLANG_WARN_CONSTANT_CONVERSION = YES;
				CLANG_WARN_DEPRECATED_OBJC_IMPLEMENTATIONS = YES;
				CLANG_WARN_DIRECT_OBJC_ISA_USAGE = YES_ERROR;
				CLANG_WARN_DOCUMENTATION_COMMENTS = YES;
				CLANG_WARN_EMPTY_BODY = YES;
				CLANG_WARN_ENUM_CONVERSION = YES;
				CLANG_WARN_INFINITE_RECURSION = YES;
				CLANG_WARN_INT_CONVERSION = YES;
				CLANG_WARN_NON_LITERAL_NULL_CONVERSION = YES;
				CLANG_WARN_OBJC_IMPLICIT_RETAIN_SELF = YES;
				CLANG_WARN_OBJC_LITERAL_CONVERSION = YES;
				CLANG_WARN_OBJC_ROOT_CLASS = YES_ERROR;
				CLANG_WARN_QUOTED_INCLUDE_IN_FRAMEWORK_HEADER = YES;
				CLANG_WARN_RANGE_LOOP_ANALYSIS = YES;
				CLANG_WARN_STRICT_PROTOTYPES = YES;
				CLANG_WARN_SUSPICIOUS_MOVE = YES;
				CLANG_WARN_UNGUARDED_AVAILABILITY = YES_AGGRESSIVE;
				CLANG_WARN_UNREACHABLE_CODE = YES;
				CLANG_WARN__DUPLICATE_METHOD_MATCH = YES;
				COPY_PHASE_STRIP = NO;
				DEBUG_INFORMATION_FORMAT = "dwarf-with-dsym";
				ENABLE_NS_ASSERTIONS = NO;
				ENABLE_STRICT_OBJC_MSGSEND = YES;
				GCC_C_LANGUAGE_STANDARD = gnu11;
				GCC_NO_COMMON_BLOCKS = YES;
				GCC_WARN_64_TO_32_BIT_CONVERSION = YES;
				GCC_WARN_ABOUT_RETURN_TYPE = YES_ERROR;
				GCC_WARN_UNDECLARED_SELECTOR = YES;
				GCC_WARN_UNINITIALIZED_AUTOS = YES_AGGRESSIVE;
				GCC_WARN_UNUSED_FUNCTION = YES;
				GCC_WARN_UNUSED_VARIABLE = YES;
				IPHONEOS_DEPLOYMENT_TARGET = 15.5;
				MTL_ENABLE_DEBUG_INFO = NO;
				MTL_FAST_MATH = YES;
				SDKROOT = iphoneos;
				SWIFT_COMPILATION_MODE = wholemodule;
				SWIFT_OPTIMIZATION_LEVEL = "-O";
				VALIDATE_PRODUCT = YES;
			};
			name = Release;
		};
		84EC8C7F2AD7DB92002DB954 /* Debug */ = {
			isa = XCBuildConfiguration;
			buildSettings = {
				ASSETCATALOG_COMPILER_APPICON_NAME = AppIcon;
				ASSETCATALOG_COMPILER_GLOBAL_ACCENT_COLOR_NAME = AccentColor;
				CODE_SIGN_STYLE = Automatic;
				CURRENT_PROJECT_VERSION = 1;
				DEVELOPMENT_ASSET_PATHS = "\"airbnb/Preview Content\"";
				ENABLE_PREVIEWS = YES;
				GENERATE_INFOPLIST_FILE = YES;
				INFOPLIST_KEY_UIApplicationSceneManifest_Generation = YES;
				INFOPLIST_KEY_UIApplicationSupportsIndirectInputEvents = YES;
				INFOPLIST_KEY_UILaunchScreen_Generation = YES;
				INFOPLIST_KEY_UISupportedInterfaceOrientations_iPad = "UIInterfaceOrientationPortrait UIInterfaceOrientationPortraitUpsideDown UIInterfaceOrientationLandscapeLeft UIInterfaceOrientationLandscapeRight";
				INFOPLIST_KEY_UISupportedInterfaceOrientations_iPhone = "UIInterfaceOrientationPortrait UIInterfaceOrientationLandscapeLeft UIInterfaceOrientationLandscapeRight";
				LD_RUNPATH_SEARCH_PATHS = (
					"$(inherited)",
					"@executable_path/Frameworks",
				);
				MARKETING_VERSION = 1.0;
				PRODUCT_BUNDLE_IDENTIFIER = teo.nemsadze.airbnb;
				PRODUCT_NAME = "$(TARGET_NAME)";
				SWIFT_EMIT_LOC_STRINGS = YES;
				SWIFT_VERSION = 5.0;
				TARGETED_DEVICE_FAMILY = "1,2";
			};
			name = Debug;
		};
		84EC8C802AD7DB92002DB954 /* Release */ = {
			isa = XCBuildConfiguration;
			buildSettings = {
				ASSETCATALOG_COMPILER_APPICON_NAME = AppIcon;
				ASSETCATALOG_COMPILER_GLOBAL_ACCENT_COLOR_NAME = AccentColor;
				CODE_SIGN_STYLE = Automatic;
				CURRENT_PROJECT_VERSION = 1;
				DEVELOPMENT_ASSET_PATHS = "\"airbnb/Preview Content\"";
				ENABLE_PREVIEWS = YES;
				GENERATE_INFOPLIST_FILE = YES;
				INFOPLIST_KEY_UIApplicationSceneManifest_Generation = YES;
				INFOPLIST_KEY_UIApplicationSupportsIndirectInputEvents = YES;
				INFOPLIST_KEY_UILaunchScreen_Generation = YES;
				INFOPLIST_KEY_UISupportedInterfaceOrientations_iPad = "UIInterfaceOrientationPortrait UIInterfaceOrientationPortraitUpsideDown UIInterfaceOrientationLandscapeLeft UIInterfaceOrientationLandscapeRight";
				INFOPLIST_KEY_UISupportedInterfaceOrientations_iPhone = "UIInterfaceOrientationPortrait UIInterfaceOrientationLandscapeLeft UIInterfaceOrientationLandscapeRight";
				LD_RUNPATH_SEARCH_PATHS = (
					"$(inherited)",
					"@executable_path/Frameworks",
				);
				MARKETING_VERSION = 1.0;
				PRODUCT_BUNDLE_IDENTIFIER = teo.nemsadze.airbnb;
				PRODUCT_NAME = "$(TARGET_NAME)";
				SWIFT_EMIT_LOC_STRINGS = YES;
				SWIFT_VERSION = 5.0;
				TARGETED_DEVICE_FAMILY = "1,2";
			};
			name = Release;
		};
/* End XCBuildConfiguration section */

/* Begin XCConfigurationList section */
		84EC8C6B2AD7DB8F002DB954 /* Build configuration list for PBXProject "airbnb" */ = {
			isa = XCConfigurationList;
			buildConfigurations = (
				84EC8C7C2AD7DB92002DB954 /* Debug */,
				84EC8C7D2AD7DB92002DB954 /* Release */,
			);
			defaultConfigurationIsVisible = 0;
			defaultConfigurationName = Release;
		};
		84EC8C7E2AD7DB92002DB954 /* Build configuration list for PBXNativeTarget "airbnb" */ = {
			isa = XCConfigurationList;
			buildConfigurations = (
				84EC8C7F2AD7DB92002DB954 /* Debug */,
				84EC8C802AD7DB92002DB954 /* Release */,
			);
			defaultConfigurationIsVisible = 0;
			defaultConfigurationName = Release;
		};
/* End XCConfigurationList section */
	};
	rootObject = 84EC8C682AD7DB8F002DB954 /* Project object */;
}
